
Microsoft Visual Studio Solution File, Format Version 12.00
# Visual Studio Version 17
VisualStudioVersion = 17.10.35122.118
MinimumVisualStudioVersion = 10.0.40219.1
Project("{9A19103F-16F7-4668-BE54-9A1E7A4F7556}") = "WebApi rabbitmq", "WebApi rabbitmq.csproj", "{51E6A404-3A4C-4EC1-B955-771A1D1763C2}"
EndProject
Project("{9A19103F-16F7-4668-BE54-9A1E7A4F7556}") = "StreamerApp", "..\StreamerApp\StreamerApp.csproj", "{91B06C08-47EE-402B-92D2-11FEDF05577E}"
EndProject
Project("{9A19103F-16F7-4668-BE54-9A1E7A4F7556}") = "streamingfromSignalR", "..\..\C# Take 14 (signalR windforms dest)\streamingfromSignalR\streamingfromSignalR.csproj", "{5BCE428D-D6D1-4356-9530-83A6C6C644BB}"
EndProject
Project("{9A19103F-16F7-4668-BE54-9A1E7A4F7556}") = "ConsoleApp1", "..\..\C# Take11 (console consuming rabbitmq)\ConsoleApp1\ConsoleApp1.csproj", "{05DB0C65-BAB3-4D4E-890B-6F8458A0A84C}"
EndProject
Global
	GlobalSection(SolutionConfigurationPlatforms) = preSolution
		Debug|Any CPU = Debug|Any CPU
		Release|Any CPU = Release|Any CPU
	EndGlobalSection
	GlobalSection(ProjectConfigurationPlatforms) = postSolution
		{51E6A404-3A4C-4EC1-B955-771A1D1763C2}.Debug|Any CPU.ActiveCfg = Debug|Any CPU
		{51E6A404-3A4C-4EC1-B955-771A1D1763C2}.Debug|Any CPU.Build.0 = Debug|Any CPU
		{51E6A404-3A4C-4EC1-B955-771A1D1763C2}.Release|Any CPU.ActiveCfg = Release|Any CPU
		{51E6A404-3A4C-4EC1-B955-771A1D1763C2}.Release|Any CPU.Build.0 = Release|Any CPU
		{91B06C08-47EE-402B-92D2-11FEDF05577E}.Debug|Any CPU.ActiveCfg = Debug|Any CPU
		{91B06C08-47EE-402B-92D2-11FEDF05577E}.Debug|Any CPU.Build.0 = Debug|Any CPU
		{91B06C08-47EE-402B-92D2-11FEDF05577E}.Release|Any CPU.ActiveCfg = Release|Any CPU
		{91B06C08-47EE-402B-92D2-11FEDF05577E}.Release|Any CPU.Build.0 = Release|Any CPU
		{5BCE428D-D6D1-4356-9530-83A6C6C644BB}.Debug|Any CPU.ActiveCfg = Debug|Any CPU
		{5BCE428D-D6D1-4356-9530-83A6C6C644BB}.Debug|Any CPU.Build.0 = Debug|Any CPU
		{5BCE428D-D6D1-4356-9530-83A6C6C644BB}.Release|Any CPU.ActiveCfg = Release|Any CPU
		{5BCE428D-D6D1-4356-9530-83A6C6C644BB}.Release|Any CPU.Build.0 = Release|Any CPU
		{05DB0C65-BAB3-4D4E-890B-6F8458A0A84C}.Debug|Any CPU.ActiveCfg = Debug|Any CPU
		{05DB0C65-BAB3-4D4E-890B-6F8458A0A84C}.Debug|Any CPU.Build.0 = Debug|Any CPU
		{05DB0C65-BAB3-4D4E-890B-6F8458A0A84C}.Release|Any CPU.ActiveCfg = Release|Any CPU
		{05DB0C65-BAB3-4D4E-890B-6F8458A0A84C}.Release|Any CPU.Build.0 = Release|Any CPU
	EndGlobalSection
	GlobalSection(SolutionProperties) = preSolution
		HideSolutionNode = FALSE
	EndGlobalSection
	GlobalSection(ExtensibilityGlobals) = postSolution
		SolutionGuid = {5F17F36B-95A7-4D56-BC80-7C754BEE7B69}
	EndGlobalSection
EndGlobal
